
Microsoft Visual Studio Solution File, Format Version 12.00
# Visual Studio 15
VisualStudioVersion = 15.0.28307.572
MinimumVisualStudioVersion = 10.0.40219.1
Project("{FAE04EC0-301F-11D3-BF4B-00C04F79EFBC}") = "blog", "blog\blog.csproj", "{4BAE340E-5DA4-4644-AF2F-364A22FA50F1}"
EndProject
Global
	GlobalSection(SolutionConfigurationPlatforms) = preSolution
		Debug|Any CPU = Debug|Any CPU
		Release|Any CPU = Release|Any CPU
	EndGlobalSection
	GlobalSection(ProjectConfigurationPlatforms) = postSolution
		{4BAE340E-5DA4-4644-AF2F-364A22FA50F1}.Debug|Any CPU.ActiveCfg = Debug|Any CPU
		{4BAE340E-5DA4-4644-AF2F-364A22FA50F1}.Debug|Any CPU.Build.0 = Debug|Any CPU
		{4BAE340E-5DA4-4644-AF2F-364A22FA50F1}.Release|Any CPU.ActiveCfg = Release|Any CPU
		{4BAE340E-5DA4-4644-AF2F-364A22FA50F1}.Release|Any CPU.Build.0 = Release|Any CPU
	EndGlobalSection
	GlobalSection(SolutionProperties) = preSolution
		HideSolutionNode = FALSE
	EndGlobalSection
	GlobalSection(ExtensibilityGlobals) = postSolution
		SolutionGuid = {7C55D4F0-BC70-48C4-A4DC-6670CDBF0E03}
	EndGlobalSection
EndGlobal
